PODS:
  - OpenSSL-Universal (1.0.2.13)
  - pjsip (2.7.1):
    - OpenSSL-Universal

DEPENDENCIES:
  - pjsip

SPEC REPOS:
  https://github.com/cocoapods/specs.git:
    - OpenSSL-Universal
    - pjsip

SPEC CHECKSUMS:
  OpenSSL-Universal: 401888162f11c33ebbd46f782d9229da35c61327
  pjsip: 0f29a83c148cead6c208e46667c2dfdad1991e97

PODFILE CHECKSUM: 1062f3171c4ec7e0edd669f7972fcfdb08bd2250

COCOAPODS: 1.5.3
